
Microsoft Visual Studio Solution File, Format Version 12.00
# Visual Studio Version 16
VisualStudioVersion = 16.0.31624.102
MinimumVisualStudioVersion = 10.0.40219.1
Project("{FAE04EC0-301F-11D3-BF4B-00C04F79EFBC}") = "PERSONEL KAYIT PROGRAMI", "PERSONEL KAYIT PROGRAMI\PERSONEL KAYIT PROGRAMI.csproj", "{1F51EFF4-9D2D-45D2-8325-8CB7E11BE45E}"
EndProject
Global
	GlobalSection(SolutionConfigurationPlatforms) = preSolution
		Debug|Any CPU = Debug|Any CPU
		Release|Any CPU = Release|Any CPU
	EndGlobalSection
	GlobalSection(ProjectConfigurationPlatforms) = postSolution
		{1F51EFF4-9D2D-45D2-8325-8CB7E11BE45E}.Debug|Any CPU.ActiveCfg = Debug|Any CPU
		{1F51EFF4-9D2D-45D2-8325-8CB7E11BE45E}.Debug|Any CPU.Build.0 = Debug|Any CPU
		{1F51EFF4-9D2D-45D2-8325-8CB7E11BE45E}.Release|Any CPU.ActiveCfg = Release|Any CPU
		{1F51EFF4-9D2D-45D2-8325-8CB7E11BE45E}.Release|Any CPU.Build.0 = Release|Any CPU
	EndGlobalSection
	GlobalSection(SolutionProperties) = preSolution
		HideSolutionNode = FALSE
	EndGlobalSection
	GlobalSection(ExtensibilityGlobals) = postSolution
		SolutionGuid = {10F0347A-9E1F-4322-9567-C039F7CFBF7A}
	EndGlobalSection
EndGlobal
